// !$*UTF8*$!
{
	archiveVersion = 1;
	classes = {
	};
	objectVersion = 56;
	objects = {

/* Begin PBXBuildFile section */
		F5608C7C2B974CAE00B97A26 /* SilniaTest.swift in Sources */ = {isa = PBXBuildFile; fileRef = F5608C7B2B974CAE00B97A26 /* SilniaTest.swift */; };
		F56846D12B973E6400C1B333 /* TestExampleApp.swift in Sources */ = {isa = PBXBuildFile; fileRef = F56846D02B973E6400C1B333 /* TestExampleApp.swift */; };
		F56846D32B973E6400C1B333 /* ContentView.swift in Sources */ = {isa = PBXBuildFile; fileRef = F56846D22B973E6400C1B333 /* ContentView.swift */; };
		F56846D52B973E6700C1B333 /* Assets.xcassets in Resources */ = {isa = PBXBuildFile; fileRef = F56846D42B973E6700C1B333 /* Assets.xcassets */; };
		F56846D82B973E6700C1B333 /* Preview Assets.xcassets in Resources */ = {isa = PBXBuildFile; fileRef = F56846D72B973E6700C1B333 /* Preview Assets.xcassets */; };
		F568471D2B97407100C1B333 /* UnitTestExample.swift in Sources */ = {isa = PBXBuildFile; fileRef = F568471C2B97407100C1B333 /* UnitTestExample.swift */; };
/* End PBXBuildFile section */

/* Begin PBXContainerItemProxy section */
		F5608C7D2B974CAE00B97A26 /* PBXContainerItemProxy */ = {
			isa = PBXContainerItemProxy;
			containerPortal = F56846C52B973E6400C1B333 /* Project object */;
			proxyType = 1;
			remoteGlobalIDString = F56846CC2B973E6400C1B333;
			remoteInfo = TestExample;
		};
		F568471E2B97407100C1B333 /* PBXContainerItemProxy */ = {
			isa = PBXContainerItemProxy;
			containerPortal = F56846C52B973E6400C1B333 /* Project object */;
			proxyType = 1;
			remoteGlobalIDString = F56846CC2B973E6400C1B333;
			remoteInfo = TestExample;
		};
/* End PBXContainerItemProxy section */

/* Begin PBXFileReference section */
		F5608C792B974CAE00B97A26 /* SilniaTest.xctest */ = {isa = PBXFileReference; explicitFileType = wrapper.cfbundle; includeInIndex = 0; path = SilniaTest.xctest; sourceTree = BUILT_PRODUCTS_DIR; };
		F5608C7B2B974CAE00B97A26 /* SilniaTest.swift */ = {isa = PBXFileReference; lastKnownFileType = sourcecode.swift; path = SilniaTest.swift; sourceTree = "<group>"; };
		F56846CD2B973E6400C1B333 /* TestExample.app */ = {isa = PBXFileReference; explicitFileType = wrapper.application; includeInIndex = 0; path = TestExample.app; sourceTree = BUILT_PRODUCTS_DIR; };
		F56846D02B973E6400C1B333 /* TestExampleApp.swift */ = {isa = PBXFileReference; lastKnownFileType = sourcecode.swift; path = TestExampleApp.swift; sourceTree = "<group>"; };
		F56846D22B973E6400C1B333 /* ContentView.swift */ = {isa = PBXFileReference; lastKnownFileType = sourcecode.swift; path = ContentView.swift; sourceTree = "<group>"; };
		F56846D42B973E6700C1B333 /* Assets.xcassets */ = {isa = PBXFileReference; lastKnownFileType = folder.assetcatalog; path = Assets.xcassets; sourceTree = "<group>"; };
		F56846D72B973E6700C1B333 /* Preview Assets.xcassets */ = {isa = PBXFileReference; lastKnownFileType = folder.assetcatalog; path = "Preview Assets.xcassets"; sourceTree = "<group>"; };
		F568471A2B97407100C1B333 /* UnitTestExample.xctest */ = {isa = PBXFileReference; explicitFileType = wrapper.cfbundle; includeInIndex = 0; path = UnitTestExample.xctest; sourceTree = BUILT_PRODUCTS_DIR; };
		F568471C2B97407100C1B333 /* UnitTestExample.swift */ = {isa = PBXFileReference; lastKnownFileType = sourcecode.swift; path = UnitTestExample.swift; sourceTree = "<group>"; };
/* End PBXFileReference section */

/* Begin PBXFrameworksBuildPhase section */
		F5608C762B974CAE00B97A26 /* Frameworks */ = {
			isa = PBXFrameworksBuildPhase;
			buildActionMask = 2147483647;
			files = (
			);
			runOnlyForDeploymentPostprocessing = 0;
		};
		F56846CA2B973E6400C1B333 /* Frameworks */ = {
			isa = PBXFrameworksBuildPhase;
			buildActionMask = 2147483647;
			files = (
			);
			runOnlyForDeploymentPostprocessing = 0;
		};
		F56847172B97407100C1B333 /* Frameworks */ = {
			isa = PBXFrameworksBuildPhase;
			buildActionMask = 2147483647;
			files = (
			);
			runOnlyForDeploymentPostprocessing = 0;
		};
/* End PBXFrameworksBuildPhase section */

/* Begin PBXGroup section */
		F5608C7A2B974CAE00B97A26 /* SilniaTest */ = {
			isa = PBXGroup;
			children = (
				F5608C7B2B974CAE00B97A26 /* SilniaTest.swift */,
			);
			path = SilniaTest;
			sourceTree = "<group>";
		};
		F56846C42B973E6400C1B333 = {
			isa = PBXGroup;
			children = (
				F56846CF2B973E6400C1B333 /* TestExample */,
				F568471B2B97407100C1B333 /* UnitTestExample */,
				F5608C7A2B974CAE00B97A26 /* SilniaTest */,
				F56846CE2B973E6400C1B333 /* Products */,
			);
			sourceTree = "<group>";
		};
		F56846CE2B973E6400C1B333 /* Products */ = {
			isa = PBXGroup;
			children = (
				F56846CD2B973E6400C1B333 /* TestExample.app */,
				F568471A2B97407100C1B333 /* UnitTestExample.xctest */,
				F5608C792B974CAE00B97A26 /* SilniaTest.xctest */,
			);
			name = Products;
			sourceTree = "<group>";
		};
		F56846CF2B973E6400C1B333 /* TestExample */ = {
			isa = PBXGroup;
			children = (
				F56846D02B973E6400C1B333 /* TestExampleApp.swift */,
				F56846D22B973E6400C1B333 /* ContentView.swift */,
				F56846D42B973E6700C1B333 /* Assets.xcassets */,
				F56846D62B973E6700C1B333 /* Preview Content */,
			);
			path = TestExample;
			sourceTree = "<group>";
		};
		F56846D62B973E6700C1B333 /* Preview Content */ = {
			isa = PBXGroup;
			children = (
				F56846D72B973E6700C1B333 /* Preview Assets.xcassets */,
			);
			path = "Preview Content";
			sourceTree = "<group>";
		};
		F568471B2B97407100C1B333 /* UnitTestExample */ = {
			isa = PBXGroup;
			children = (
				F568471C2B97407100C1B333 /* UnitTestExample.swift */,
			);
			path = UnitTestExample;
			sourceTree = "<group>";
		};
/* End PBXGroup section */

/* Begin PBXNativeTarget section */
		F5608C782B974CAE00B97A26 /* SilniaTest */ = {
			isa = PBXNativeTarget;
			buildConfigurationList = F5608C7F2B974CAE00B97A26 /* Build configuration list for PBXNativeTarget "SilniaTest" */;
			buildPhases = (
				F5608C752B974CAE00B97A26 /* Sources */,
				F5608C762B974CAE00B97A26 /* Frameworks */,
				F5608C772B974CAE00B97A26 /* Resources */,
			);
			buildRules = (
			);
			dependencies = (
				F5608C7E2B974CAE00B97A26 /* PBXTargetDependency */,
			);
			name = SilniaTest;
			productName = SilniaTest;
			productReference = F5608C792B974CAE00B97A26 /* SilniaTest.xctest */;
			productType = "com.apple.product-type.bundle.unit-test";
		};
		F56846CC2B973E6400C1B333 /* TestExample */ = {
			isa = PBXNativeTarget;
			buildConfigurationList = F56846F12B973E6800C1B333 /* Build configuration list for PBXNativeTarget "TestExample" */;
			buildPhases = (
				F56846C92B973E6400C1B333 /* Sources */,
				F56846CA2B973E6400C1B333 /* Frameworks */,
				F56846CB2B973E6400C1B333 /* Resources */,
			);
			buildRules = (
			);
			dependencies = (
			);
			name = TestExample;
			productName = TestExample;
			productReference = F56846CD2B973E6400C1B333 /* TestExample.app */;
			productType = "com.apple.product-type.application";
		};
		F56847192B97407100C1B333 /* UnitTestExample */ = {
			isa = PBXNativeTarget;
			buildConfigurationList = F56847202B97407100C1B333 /* Build configuration list for PBXNativeTarget "UnitTestExample" */;
			buildPhases = (
				F56847162B97407100C1B333 /* Sources */,
				F56847172B97407100C1B333 /* Frameworks */,
				F56847182B97407100C1B333 /* Resources */,
			);
			buildRules = (
			);
			dependencies = (
				F568471F2B97407100C1B333 /* PBXTargetDependency */,
			);
			name = UnitTestExample;
			productName = UnitTestExample;
			productReference = F568471A2B97407100C1B333 /* UnitTestExample.xctest */;
			productType = "com.apple.product-type.bundle.unit-test";
		};
/* End PBXNativeTarget section */

/* Begin PBXProject section */
		F56846C52B973E6400C1B333 /* Project object */ = {
			isa = PBXProject;
			attributes = {
				BuildIndependentTargetsInParallel = 1;
				LastSwiftUpdateCheck = 1520;
				LastUpgradeCheck = 1520;
				TargetAttributes = {
					F5608C782B974CAE00B97A26 = {
						CreatedOnToolsVersion = 15.2;
						TestTargetID = F56846CC2B973E6400C1B333;
					};
					F56846CC2B973E6400C1B333 = {
						CreatedOnToolsVersion = 15.2;
					};
					F56847192B97407100C1B333 = {
						CreatedOnToolsVersion = 15.2;
						TestTargetID = F56846CC2B973E6400C1B333;
					};
				};
			};
			buildConfigurationList = F56846C82B973E6400C1B333 /* Build configuration list for PBXProject "TestExample" */;
			compatibilityVersion = "Xcode 14.0";
			developmentRegion = en;
			hasScannedForEncodings = 0;
			knownRegions = (
				en,
				Base,
			);
			mainGroup = F56846C42B973E6400C1B333;
			productRefGroup = F56846CE2B973E6400C1B333 /* Products */;
			projectDirPath = "";
			projectRoot = "";
			targets = (
				F56846CC2B973E6400C1B333 /* TestExample */,
				F56847192B97407100C1B333 /* UnitTestExample */,
				F5608C782B974CAE00B97A26 /* SilniaTest */,
			);
		};
/* End PBXProject section */

/* Begin PBXResourcesBuildPhase section */
		F5608C772B974CAE00B97A26 /* Resources */ = {
			isa = PBXResourcesBuildPhase;
			buildActionMask = 2147483647;
			files = (
			);
			runOnlyForDeploymentPostprocessing = 0;
		};
		F56846CB2B973E6400C1B333 /* Resources */ = {
			isa = PBXResourcesBuildPhase;
			buildActionMask = 2147483647;
			files = (
				F56846D82B973E6700C1B333 /* Preview Assets.xcassets in Resources */,
				F56846D52B973E6700C1B333 /* Assets.xcassets in Resources */,
			);
			runOnlyForDeploymentPostprocessing = 0;
		};
		F56847182B97407100C1B333 /* Resources */ = {
			isa = PBXResourcesBuildPhase;
			buildActionMask = 2147483647;
			files = (
			);
			runOnlyForDeploymentPostprocessing = 0;
		};
/* End PBXResourcesBuildPhase section */

/* Begin PBXSourcesBuildPhase section */
		F5608C752B974CAE00B97A26 /* Sources */ = {
			isa = PBXSourcesBuildPhase;
			buildActionMask = 2147483647;
			files = (
				F5608C7C2B974CAE00B97A26 /* SilniaTest.swift in Sources */,
			);
			runOnlyForDeploymentPostprocessing = 0;
		};
		F56846C92B973E6400C1B333 /* Sources */ = {
			isa = PBXSourcesBuildPhase;
			buildActionMask = 2147483647;
			files = (
				F56846D32B973E6400C1B333 /* ContentView.swift in Sources */,
				F56846D12B973E6400C1B333 /* TestExampleApp.swift in Sources */,
			);
			runOnlyForDeploymentPostprocessing = 0;
		};
		F56847162B97407100C1B333 /* Sources */ = {
			isa = PBXSourcesBuildPhase;
			buildActionMask = 2147483647;
			files = (
				F568471D2B97407100C1B333 /* UnitTestExample.swift in Sources */,
			);
			runOnlyForDeploymentPostprocessing = 0;
		};
/* End PBXSourcesBuildPhase section */

/* Begin PBXTargetDependency section */
		F5608C7E2B974CAE00B97A26 /* PBXTargetDependency */ = {
			isa = PBXTargetDependency;
			target = F56846CC2B973E6400C1B333 /* TestExample */;
			targetProxy = F5608C7D2B974CAE00B97A26 /* PBXContainerItemProxy */;
		};
		F568471F2B97407100C1B333 /* PBXTargetDependency */ = {
			isa = PBXTargetDependency;
			target = F56846CC2B973E6400C1B333 /* TestExample */;
			targetProxy = F568471E2B97407100C1B333 /* PBXContainerItemProxy */;
		};
/* End PBXTargetDependency section */

/* Begin XCBuildConfiguration section */
		F5608C802B974CAE00B97A26 /* Debug */ = {
			isa = XCBuildConfiguration;
			buildSettings = {
				BUNDLE_LOADER = "$(TEST_HOST)";
				CODE_SIGN_STYLE = Automatic;
				CURRENT_PROJECT_VERSION = 1;
				DEVELOPMENT_TEAM = YDM4QC6KDH;
				GENERATE_INFOPLIST_FILE = YES;
				MARKETING_VERSION = 1.0;
				PRODUCT_BUNDLE_IDENTIFIER = com.maksymov.SilniaTest;
				PRODUCT_NAME = "$(TARGET_NAME)";
				SWIFT_EMIT_LOC_STRINGS = NO;
				SWIFT_VERSION = 5.0;
				TARGETED_DEVICE_FAMILY = "1,2";
				TEST_HOST = "$(BUILT_PRODUCTS_DIR)/TestExample.app/$(BUNDLE_EXECUTABLE_FOLDER_PATH)/TestExample";
			};
			name = Debug;
		};
		F5608C812B974CAE00B97A26 /* Release */ = {
			isa = XCBuildConfiguration;
			buildSettings = {
				BUNDLE_LOADER = "$(TEST_HOST)";
				CODE_SIGN_STYLE = Automatic;
				CURRENT_PROJECT_VERSION = 1;
				DEVELOPMENT_TEAM = YDM4QC6KDH;
				GENERATE_INFOPLIST_FILE = YES;
				MARKETING_VERSION = 1.0;
				PRODUCT_BUNDLE_IDENTIFIER = com.maksymov.SilniaTest;
				PRODUCT_NAME = "$(TARGET_NAME)";
				SWIFT_EMIT_LOC_STRINGS = NO;
				SWIFT_VERSION = 5.0;
				TARGETED_DEVICE_FAMILY = "1,2";
				TEST_HOST = "$(BUILT_PRODUCTS_DIR)/TestExample.app/$(BUNDLE_EXECUTABLE_FOLDER_PATH)/TestExample";
			};
			name = Release;
		};
		F56846EF2B973E6800C1B333 /* Debug */ = {
			isa = XCBuildConfiguration;
			buildSettings = {
				ALWAYS_SEARCH_USER_PATHS = NO;
				ASSETCATALOG_COMPILER_GENERATE_SWIFT_ASSET_SYMBOL_EXTENSIONS = YES;
				CLANG_ANALYZER_NONNULL = YES;
				CLANG_ANALYZER_NUMBER_OBJECT_CONVERSION = YES_AGGRESSIVE;
				CLANG_CXX_LANGUAGE_STANDARD = "gnu++20";
				CLANG_ENABLE_MODULES = YES;
				CLANG_ENABLE_OBJC_ARC = YES;
				CLANG_ENABLE_OBJC_WEAK = YES;
				CLANG_WARN_BLOCK_CAPTURE_AUTORELEASING = YES;
				CLANG_WARN_BOOL_CONVERSION = YES;
				CLANG_WARN_COMMA = YES;
				CLANG_WARN_CONSTANT_CONVERSION = YES;
				CLANG_WARN_DEPRECATED_OBJC_IMPLEMENTATIONS = YES;
				CLANG_WARN_DIRECT_OBJC_ISA_USAGE = YES_ERROR;
				CLANG_WARN_DOCUMENTATION_COMMENTS = YES;
				CLANG_WARN_EMPTY_BODY = YES;
				CLANG_WARN_ENUM_CONVERSION = YES;
				CLANG_WARN_INFINITE_RECURSION = YES;
				CLANG_WARN_INT_CONVERSION = YES;
				CLANG_WARN_NON_LITERAL_NULL_CONVERSION = YES;
				CLANG_WARN_OBJC_IMPLICIT_RETAIN_SELF = YES;
				CLANG_WARN_OBJC_LITERAL_CONVERSION = YES;
				CLANG_WARN_OBJC_ROOT_CLASS = YES_ERROR;
				CLANG_WARN_QUOTED_INCLUDE_IN_FRAMEWORK_HEADER = YES;
				CLANG_WARN_RANGE_LOOP_ANALYSIS = YES;
				CLANG_WARN_STRICT_PROTOTYPES = YES;
				CLANG_WARN_SUSPICIOUS_MOVE = YES;
				CLANG_WARN_UNGUARDED_AVAILABILITY = YES_AGGRESSIVE;
				CLANG_WARN_UNREACHABLE_CODE = YES;
				CLANG_WARN__DUPLICATE_METHOD_MATCH = YES;
				COPY_PHASE_STRIP = NO;
				DEBUG_INFORMATION_FORMAT = dwarf;
				ENABLE_STRICT_OBJC_MSGSEND = YES;
				ENABLE_TESTABILITY = YES;
				ENABLE_USER_SCRIPT_SANDBOXING = YES;
				GCC_C_LANGUAGE_STANDARD = gnu17;
				GCC_DYNAMIC_NO_PIC = NO;
				GCC_NO_COMMON_BLOCKS = YES;
				GCC_OPTIMIZATION_LEVEL = 0;
				GCC_PREPROCESSOR_DEFINITIONS = (
					"DEBUG=1",
					"$(inherited)",
				);
				GCC_WARN_64_TO_32_BIT_CONVERSION = YES;
				GCC_WARN_ABOUT_RETURN_TYPE = YES_ERROR;
				GCC_WARN_UNDECLARED_SELECTOR = YES;
				GCC_WARN_UNINITIALIZED_AUTOS = YES_AGGRESSIVE;
				GCC_WARN_UNUSED_FUNCTION = YES;
				GCC_WARN_UNUSED_VARIABLE = YES;
				IPHONEOS_DEPLOYMENT_TARGET = 17.2;
				LOCALIZATION_PREFERS_STRING_CATALOGS = YES;
				MTL_ENABLE_DEBUG_INFO = INCLUDE_SOURCE;
				MTL_FAST_MATH = YES;
				ONLY_ACTIVE_ARCH = YES;
				SDKROOT = iphoneos;
				SWIFT_ACTIVE_COMPILATION_CONDITIONS = "DEBUG $(inherited)";
				SWIFT_OPTIMIZATION_LEVEL = "-Onone";
			};
			name = Debug;
		};
		F56846F02B973E6800C1B333 /* Release */ = {
			isa = XCBuildConfiguration;
			buildSettings = {
				ALWAYS_SEARCH_USER_PATHS = NO;
				ASSETCATALOG_COMPILER_GENERATE_SWIFT_ASSET_SYMBOL_EXTENSIONS = YES;
				CLANG_ANALYZER_NONNULL = YES;
				CLANG_ANALYZER_NUMBER_OBJECT_CONVERSION = YES_AGGRESSIVE;
				CLANG_CXX_LANGUAGE_STANDARD = "gnu++20";
				CLANG_ENABLE_MODULES = YES;
				CLANG_ENABLE_OBJC_ARC = YES;
				CLANG_ENABLE_OBJC_WEAK = YES;
				CLANG_WARN_BLOCK_CAPTURE_AUTORELEASING = YES;
				CLANG_WARN_BOOL_CONVERSION = YES;
				CLANG_WARN_COMMA = YES;
				CLANG_WARN_CONSTANT_CONVERSION = YES;
				CLANG_WARN_DEPRECATED_OBJC_IMPLEMENTATIONS = YES;
				CLANG_WARN_DIRECT_OBJC_ISA_USAGE = YES_ERROR;
				CLANG_WARN_DOCUMENTATION_COMMENTS = YES;
				CLANG_WARN_EMPTY_BODY = YES;
				CLANG_WARN_ENUM_CONVERSION = YES;
				CLANG_WARN_INFINITE_RECURSION = YES;
				CLANG_WARN_INT_CONVERSION = YES;
				CLANG_WARN_NON_LITERAL_NULL_CONVERSION = YES;
				CLANG_WARN_OBJC_IMPLICIT_RETAIN_SELF = YES;
				CLANG_WARN_OBJC_LITERAL_CONVERSION = YES;
				CLANG_WARN_OBJC_ROOT_CLASS = YES_ERROR;
				CLANG_WARN_QUOTED_INCLUDE_IN_FRAMEWORK_HEADER = YES;
				CLANG_WARN_RANGE_LOOP_ANALYSIS = YES;
				CLANG_WARN_STRICT_PROTOTYPES = YES;
				CLANG_WARN_SUSPICIOUS_MOVE = YES;
				CLANG_WARN_UNGUARDED_AVAILABILITY = YES_AGGRESSIVE;
				CLANG_WARN_UNREACHABLE_CODE = YES;
				CLANG_WARN__DUPLICATE_METHOD_MATCH = YES;
				COPY_PHASE_STRIP = NO;
				DEBUG_INFORMATION_FORMAT = "dwarf-with-dsym";
				ENABLE_NS_ASSERTIONS = NO;
				ENABLE_STRICT_OBJC_MSGSEND = YES;
				ENABLE_USER_SCRIPT_SANDBOXING = YES;
				GCC_C_LANGUAGE_STANDARD = gnu17;
				GCC_NO_COMMON_BLOCKS = YES;
				GCC_WARN_64_TO_32_BIT_CONVERSION = YES;
				GCC_WARN_ABOUT_RETURN_TYPE = YES_ERROR;
				GCC_WARN_UNDECLARED_SELECTOR = YES;
				GCC_WARN_UNINITIALIZED_AUTOS = YES_AGGRESSIVE;
				GCC_WARN_UNUSED_FUNCTION = YES;
				GCC_WARN_UNUSED_VARIABLE = YES;
				IPHONEOS_DEPLOYMENT_TARGET = 17.2;
				LOCALIZATION_PREFERS_STRING_CATALOGS = YES;
				MTL_ENABLE_DEBUG_INFO = NO;
				MTL_FAST_MATH = YES;
				SDKROOT = iphoneos;
				SWIFT_COMPILATION_MODE = wholemodule;
				VALIDATE_PRODUCT = YES;
			};
			name = Release;
		};
		F56846F22B973E6800C1B333 /* Debug */ = {
			isa = XCBuildConfiguration;
			buildSettings = {
				ASSETCATALOG_COMPILER_APPICON_NAME = AppIcon;
				ASSETCATALOG_COMPILER_GLOBAL_ACCENT_COLOR_NAME = AccentColor;
				CODE_SIGN_STYLE = Automatic;
				CURRENT_PROJECT_VERSION = 1;
				DEVELOPMENT_ASSET_PATHS = "\"TestExample/Preview Content\"";
				DEVELOPMENT_TEAM = YDM4QC6KDH;
				ENABLE_PREVIEWS = YES;
				GENERATE_INFOPLIST_FILE = YES;
				INFOPLIST_KEY_UIApplicationSceneManifest_Generation = YES;
				INFOPLIST_KEY_UIApplicationSupportsIndirectInputEvents = YES;
				INFOPLIST_KEY_UILaunchScreen_Generation = YES;
				INFOPLIST_KEY_UISupportedInterfaceOrientations_iPad = "UIInterfaceOrientationPortrait UIInterfaceOrientationPortraitUpsideDown UIInterfaceOrientationLandscapeLeft UIInterfaceOrientationLandscapeRight";
				INFOPLIST_KEY_UISupportedInterfaceOrientations_iPhone = "UIInterfaceOrientationPortrait UIInterfaceOrientationLandscapeLeft UIInterfaceOrientationLandscapeRight";
				LD_RUNPATH_SEARCH_PATHS = (
					"$(inherited)",
					"@executable_path/Frameworks",
				);
				MARKETING_VERSION = 1.0;
				PRODUCT_BUNDLE_IDENTIFIER = com.maksymov.TestExample;
				PRODUCT_NAME = "$(TARGET_NAME)";
				SWIFT_EMIT_LOC_STRINGS = YES;
				SWIFT_VERSION = 5.0;
				TARGETED_DEVICE_FAMILY = "1,2";
			};
			name = Debug;
		};
		F56846F32B973E6800C1B333 /* Release */ = {
			isa = XCBuildConfiguration;
			buildSettings = {
				ASSETCATALOG_COMPILER_APPICON_NAME = AppIcon;
				ASSETCATALOG_COMPILER_GLOBAL_ACCENT_COLOR_NAME = AccentColor;
				CODE_SIGN_STYLE = Automatic;
				CURRENT_PROJECT_VERSION = 1;
				DEVELOPMENT_ASSET_PATHS = "\"TestExample/Preview Content\"";
				DEVELOPMENT_TEAM = YDM4QC6KDH;
				ENABLE_PREVIEWS = YES;
				GENERATE_INFOPLIST_FILE = YES;
				INFOPLIST_KEY_UIApplicationSceneManifest_Generation = YES;
				INFOPLIST_KEY_UIApplicationSupportsIndirectInputEvents = YES;
				INFOPLIST_KEY_UILaunchScreen_Generation = YES;
				INFOPLIST_KEY_UISupportedInterfaceOrientations_iPad = "UIInterfaceOrientationPortrait UIInterfaceOrientationPortraitUpsideDown UIInterfaceOrientationLandscapeLeft UIInterfaceOrientationLandscapeRight";
				INFOPLIST_KEY_UISupportedInterfaceOrientations_iPhone = "UIInterfaceOrientationPortrait UIInterfaceOrientationLandscapeLeft UIInterfaceOrientationLandscapeRight";
				LD_RUNPATH_SEARCH_PATHS = (
					"$(inherited)",
					"@executable_path/Frameworks",
				);
				MARKETING_VERSION = 1.0;
				PRODUCT_BUNDLE_IDENTIFIER = com.maksymov.TestExample;
				PRODUCT_NAME = "$(TARGET_NAME)";
				SWIFT_EMIT_LOC_STRINGS = YES;
				SWIFT_VERSION = 5.0;
				TARGETED_DEVICE_FAMILY = "1,2";
			};
			name = Release;
		};
		F56847212B97407100C1B333 /* Debug */ = {
			isa = XCBuildConfiguration;
			buildSettings = {
				BUNDLE_LOADER = "$(TEST_HOST)";
				CODE_SIGN_STYLE = Automatic;
				CURRENT_PROJECT_VERSION = 1;
				DEVELOPMENT_TEAM = YDM4QC6KDH;
				GENERATE_INFOPLIST_FILE = YES;
				MARKETING_VERSION = 1.0;
				PRODUCT_BUNDLE_IDENTIFIER = com.maksymov.UnitTestExample;
				PRODUCT_NAME = "$(TARGET_NAME)";
				SWIFT_EMIT_LOC_STRINGS = NO;
				SWIFT_VERSION = 5.0;
				TARGETED_DEVICE_FAMILY = "1,2";
				TEST_HOST = "$(BUILT_PRODUCTS_DIR)/TestExample.app/$(BUNDLE_EXECUTABLE_FOLDER_PATH)/TestExample";
			};
			name = Debug;
		};
		F56847222B97407100C1B333 /* Release */ = {
			isa = XCBuildConfiguration;
			buildSettings = {
				BUNDLE_LOADER = "$(TEST_HOST)";
				CODE_SIGN_STYLE = Automatic;
				CURRENT_PROJECT_VERSION = 1;
				DEVELOPMENT_TEAM = YDM4QC6KDH;
				GENERATE_INFOPLIST_FILE = YES;
				MARKETING_VERSION = 1.0;
				PRODUCT_BUNDLE_IDENTIFIER = com.maksymov.UnitTestExample;
				PRODUCT_NAME = "$(TARGET_NAME)";
				SWIFT_EMIT_LOC_STRINGS = NO;
				SWIFT_VERSION = 5.0;
				TARGETED_DEVICE_FAMILY = "1,2";
				TEST_HOST = "$(BUILT_PRODUCTS_DIR)/TestExample.app/$(BUNDLE_EXECUTABLE_FOLDER_PATH)/TestExample";
			};
			name = Release;
		};
/* End XCBuildConfiguration section */

/* Begin XCConfigurationList section */
		F5608C7F2B974CAE00B97A26 /* Build configuration list for PBXNativeTarget "SilniaTest" */ = {
			isa = XCConfigurationList;
			buildConfigurations = (
				F5608C802B974CAE00B97A26 /* Debug */,
				F5608C812B974CAE00B97A26 /* Release */,
			);
			defaultConfigurationIsVisible = 0;
			defaultConfigurationName = Release;
		};
		F56846C82B973E6400C1B333 /* Build configuration list for PBXProject "TestExample" */ = {
			isa = XCConfigurationList;
			buildConfigurations = (
				F56846EF2B973E6800C1B333 /* Debug */,
				F56846F02B973E6800C1B333 /* Release */,
			);
			defaultConfigurationIsVisible = 0;
			defaultConfigurationName = Release;
		};
		F56846F12B973E6800C1B333 /* Build configuration list for PBXNativeTarget "TestExample" */ = {
			isa = XCConfigurationList;
			buildConfigurations = (
				F56846F22B973E6800C1B333 /* Debug */,
				F56846F32B973E6800C1B333 /* Release */,
			);
			defaultConfigurationIsVisible = 0;
			defaultConfigurationName = Release;
		};
		F56847202B97407100C1B333 /* Build configuration list for PBXNativeTarget "UnitTestExample" */ = {
			isa = XCConfigurationList;
			buildConfigurations = (
				F56847212B97407100C1B333 /* Debug */,
				F56847222B97407100C1B333 /* Release */,
			);
			defaultConfigurationIsVisible = 0;
			defaultConfigurationName = Release;
		};
/* End XCConfigurationList section */
	};
	rootObject = F56846C52B973E6400C1B333 /* Project object */;
}
